// !$*UTF8*$!
{
	archiveVersion = 1;
	classes = {
	};
	objectVersion = 56;
	objects = {

/* Begin PBXBuildFile section */
		03453D062A57DB0A003A0C28 /* SwordRPC in Frameworks */ = {isa = PBXBuildFile; productRef = 03453D052A57DB0A003A0C28 /* SwordRPC */; };
		0350E7462A577E0F006B1125 /* MusicordApp.swift in Sources */ = {isa = PBXBuildFile; fileRef = 0350E7452A577E0F006B1125 /* MusicordApp.swift */; };
		0350E74A2A577E11006B1125 /* Assets.xcassets in Resources */ = {isa = PBXBuildFile; fileRef = 0350E7492A577E11006B1125 /* Assets.xcassets */; };
		0350E74D2A577E11006B1125 /* Preview Assets.xcassets in Resources */ = {isa = PBXBuildFile; fileRef = 0350E74C2A577E11006B1125 /* Preview Assets.xcassets */; };
		03653DFC2A5B6BEA00F9F632 /* AppDelegate.swift in Sources */ = {isa = PBXBuildFile; fileRef = 03653DFB2A5B6BEA00F9F632 /* AppDelegate.swift */; };
		03653E002A5B6BED00F9F632 /* Assets.xcassets in Resources */ = {isa = PBXBuildFile; fileRef = 03653DFF2A5B6BED00F9F632 /* Assets.xcassets */; };
		03653E032A5B6BED00F9F632 /* Main.storyboard in Resources */ = {isa = PBXBuildFile; fileRef = 03653E012A5B6BED00F9F632 /* Main.storyboard */; };
		03653E092A5B72FE00F9F632 /* MusicordLoginHelper.app in CopyFiles */ = {isa = PBXBuildFile; fileRef = 03653DF92A5B6BEA00F9F632 /* MusicordLoginHelper.app */; settings = {ATTRIBUTES = (RemoveHeadersOnCopy, ); }; };
/* End PBXBuildFile section */

/* Begin PBXCopyFilesBuildPhase section */
		03653E082A5B72DF00F9F632 /* CopyFiles */ = {
			isa = PBXCopyFilesBuildPhase;
			buildActionMask = 2147483647;
			dstPath = Contents/Library/LoginItems;
			dstSubfolderSpec = 1;
			files = (
				03653E092A5B72FE00F9F632 /* MusicordLoginHelper.app in CopyFiles */,
			);
			runOnlyForDeploymentPostprocessing = 0;
		};
/* End PBXCopyFilesBuildPhase section */

/* Begin PBXFileReference section */
		0350E7422A577E0F006B1125 /* Musicord.app */ = {isa = PBXFileReference; explicitFileType = wrapper.application; includeInIndex = 0; path = Musicord.app; sourceTree = BUILT_PRODUCTS_DIR; };
		0350E7452A577E0F006B1125 /* MusicordApp.swift */ = {isa = PBXFileReference; lastKnownFileType = sourcecode.swift; path = MusicordApp.swift; sourceTree = "<group>"; };
		0350E7492A577E11006B1125 /* Assets.xcassets */ = {isa = PBXFileReference; lastKnownFileType = folder.assetcatalog; path = Assets.xcassets; sourceTree = "<group>"; };
		0350E74C2A577E11006B1125 /* Preview Assets.xcassets */ = {isa = PBXFileReference; lastKnownFileType = folder.assetcatalog; path = "Preview Assets.xcassets"; sourceTree = "<group>"; };
		0350E74E2A577E11006B1125 /* Musicord.entitlements */ = {isa = PBXFileReference; lastKnownFileType = text.plist.entitlements; path = Musicord.entitlements; sourceTree = "<group>"; };
		03653DF92A5B6BEA00F9F632 /* MusicordLoginHelper.app */ = {isa = PBXFileReference; explicitFileType = wrapper.application; includeInIndex = 0; path = MusicordLoginHelper.app; sourceTree = BUILT_PRODUCTS_DIR; };
		03653DFB2A5B6BEA00F9F632 /* AppDelegate.swift */ = {isa = PBXFileReference; lastKnownFileType = sourcecode.swift; path = AppDelegate.swift; sourceTree = "<group>"; };
		03653DFF2A5B6BED00F9F632 /* Assets.xcassets */ = {isa = PBXFileReference; lastKnownFileType = folder.assetcatalog; path = Assets.xcassets; sourceTree = "<group>"; };
		03653E022A5B6BED00F9F632 /* Base */ = {isa = PBXFileReference; lastKnownFileType = file.storyboard; name = Base; path = Base.lproj/Main.storyboard; sourceTree = "<group>"; };
		03653E042A5B6BED00F9F632 /* MusicordLoginHelper.entitlements */ = {isa = PBXFileReference; lastKnownFileType = text.plist.entitlements; path = MusicordLoginHelper.entitlements; sourceTree = "<group>"; };
/* End PBXFileReference section */

/* Begin PBXFrameworksBuildPhase section */
		0350E73F2A577E0F006B1125 /* Frameworks */ = {
			isa = PBXFrameworksBuildPhase;
			buildActionMask = 2147483647;
			files = (
				03453D062A57DB0A003A0C28 /* SwordRPC in Frameworks */,
			);
			runOnlyForDeploymentPostprocessing = 0;
		};
		03653DF62A5B6BEA00F9F632 /* Frameworks */ = {
			isa = PBXFrameworksBuildPhase;
			buildActionMask = 2147483647;
			files = (
			);
			runOnlyForDeploymentPostprocessing = 0;
		};
/* End PBXFrameworksBuildPhase section */

/* Begin PBXGroup section */
		0350E7392A577E0F006B1125 = {
			isa = PBXGroup;
			children = (
				0350E7442A577E0F006B1125 /* Musicord */,
				03653DFA2A5B6BEA00F9F632 /* MusicordLoginHelper */,
				0350E7432A577E0F006B1125 /* Products */,
			);
			sourceTree = "<group>";
		};
		0350E7432A577E0F006B1125 /* Products */ = {
			isa = PBXGroup;
			children = (
				0350E7422A577E0F006B1125 /* Musicord.app */,
				03653DF92A5B6BEA00F9F632 /* MusicordLoginHelper.app */,
			);
			name = Products;
			sourceTree = "<group>";
		};
		0350E7442A577E0F006B1125 /* Musicord */ = {
			isa = PBXGroup;
			children = (
				0350E7452A577E0F006B1125 /* MusicordApp.swift */,
				0350E7492A577E11006B1125 /* Assets.xcassets */,
				0350E74E2A577E11006B1125 /* Musicord.entitlements */,
				0350E74B2A577E11006B1125 /* Preview Content */,
			);
			path = Musicord;
			sourceTree = "<group>";
		};
		0350E74B2A577E11006B1125 /* Preview Content */ = {
			isa = PBXGroup;
			children = (
				0350E74C2A577E11006B1125 /* Preview Assets.xcassets */,
			);
			path = "Preview Content";
			sourceTree = "<group>";
		};
		03653DFA2A5B6BEA00F9F632 /* MusicordLoginHelper */ = {
			isa = PBXGroup;
			children = (
				03653DFB2A5B6BEA00F9F632 /* AppDelegate.swift */,
				03653DFF2A5B6BED00F9F632 /* Assets.xcassets */,
				03653E012A5B6BED00F9F632 /* Main.storyboard */,
				03653E042A5B6BED00F9F632 /* MusicordLoginHelper.entitlements */,
			);
			path = MusicordLoginHelper;
			sourceTree = "<group>";
		};
/* End PBXGroup section */

/* Begin PBXNativeTarget section */
		0350E7412A577E0F006B1125 /* Musicord */ = {
			isa = PBXNativeTarget;
			buildConfigurationList = 0350E7512A577E11006B1125 /* Build configuration list for PBXNativeTarget "Musicord" */;
			buildPhases = (
				0350E73E2A577E0F006B1125 /* Sources */,
				0350E73F2A577E0F006B1125 /* Frameworks */,
				0350E7402A577E0F006B1125 /* Resources */,
				03653E082A5B72DF00F9F632 /* CopyFiles */,
			);
			buildRules = (
			);
			dependencies = (
			);
			name = Musicord;
			packageProductDependencies = (
				03453D052A57DB0A003A0C28 /* SwordRPC */,
			);
			productName = Musicord;
			productReference = 0350E7422A577E0F006B1125 /* Musicord.app */;
			productType = "com.apple.product-type.application";
		};
		03653DF82A5B6BEA00F9F632 /* MusicordLoginHelper */ = {
			isa = PBXNativeTarget;
			buildConfigurationList = 03653E072A5B6BED00F9F632 /* Build configuration list for PBXNativeTarget "MusicordLoginHelper" */;
			buildPhases = (
				03653DF52A5B6BEA00F9F632 /* Sources */,
				03653DF62A5B6BEA00F9F632 /* Frameworks */,
				03653DF72A5B6BEA00F9F632 /* Resources */,
			);
			buildRules = (
			);
			dependencies = (
			);
			name = MusicordLoginHelper;
			productName = MusicordLoginHelper;
			productReference = 03653DF92A5B6BEA00F9F632 /* MusicordLoginHelper.app */;
			productType = "com.apple.product-type.application";
		};
/* End PBXNativeTarget section */

/* Begin PBXProject section */
		0350E73A2A577E0F006B1125 /* Project object */ = {
			isa = PBXProject;
			attributes = {
				BuildIndependentTargetsInParallel = 1;
				LastSwiftUpdateCheck = 1500;
				LastUpgradeCheck = 1500;
				TargetAttributes = {
					0350E7412A577E0F006B1125 = {
						CreatedOnToolsVersion = 15.0;
					};
					03653DF82A5B6BEA00F9F632 = {
						CreatedOnToolsVersion = 15.0;
					};
				};
			};
			buildConfigurationList = 0350E73D2A577E0F006B1125 /* Build configuration list for PBXProject "Musicord" */;
			compatibilityVersion = "Xcode 14.0";
			developmentRegion = en;
			hasScannedForEncodings = 0;
			knownRegions = (
				en,
				Base,
			);
			mainGroup = 0350E7392A577E0F006B1125;
			packageReferences = (
				03453D042A57DB0A003A0C28 /* XCRemoteSwiftPackageReference "SwordRPC" */,
			);
			productRefGroup = 0350E7432A577E0F006B1125 /* Products */;
			projectDirPath = "";
			projectRoot = "";
			targets = (
				0350E7412A577E0F006B1125 /* Musicord */,
				03653DF82A5B6BEA00F9F632 /* MusicordLoginHelper */,
			);
		};
/* End PBXProject section */

/* Begin PBXResourcesBuildPhase section */
		0350E7402A577E0F006B1125 /* Resources */ = {
			isa = PBXResourcesBuildPhase;
			buildActionMask = 2147483647;
			files = (
				0350E74D2A577E11006B1125 /* Preview Assets.xcassets in Resources */,
				0350E74A2A577E11006B1125 /* Assets.xcassets in Resources */,
			);
			runOnlyForDeploymentPostprocessing = 0;
		};
		03653DF72A5B6BEA00F9F632 /* Resources */ = {
			isa = PBXResourcesBuildPhase;
			buildActionMask = 2147483647;
			files = (
				03653E002A5B6BED00F9F632 /* Assets.xcassets in Resources */,
				03653E032A5B6BED00F9F632 /* Main.storyboard in Resources */,
			);
			runOnlyForDeploymentPostprocessing = 0;
		};
/* End PBXResourcesBuildPhase section */

/* Begin PBXSourcesBuildPhase section */
		0350E73E2A577E0F006B1125 /* Sources */ = {
			isa = PBXSourcesBuildPhase;
			buildActionMask = 2147483647;
			files = (
				0350E7462A577E0F006B1125 /* MusicordApp.swift in Sources */,
			);
			runOnlyForDeploymentPostprocessing = 0;
		};
		03653DF52A5B6BEA00F9F632 /* Sources */ = {
			isa = PBXSourcesBuildPhase;
			buildActionMask = 2147483647;
			files = (
				03653DFC2A5B6BEA00F9F632 /* AppDelegate.swift in Sources */,
			);
			runOnlyForDeploymentPostprocessing = 0;
		};
/* End PBXSourcesBuildPhase section */

/* Begin PBXVariantGroup section */
		03653E012A5B6BED00F9F632 /* Main.storyboard */ = {
			isa = PBXVariantGroup;
			children = (
				03653E022A5B6BED00F9F632 /* Base */,
			);
			name = Main.storyboard;
			sourceTree = "<group>";
		};
/* End PBXVariantGroup section */

/* Begin XCBuildConfiguration section */
		0350E74F2A577E11006B1125 /* Debug */ = {
			isa = XCBuildConfiguration;
			buildSettings = {
				ALWAYS_SEARCH_USER_PATHS = NO;
				ASSETCATALOG_COMPILER_GENERATE_SWIFT_ASSET_SYMBOL_EXTENSIONS = YES;
				CLANG_ANALYZER_NONNULL = YES;
				CLANG_ANALYZER_NUMBER_OBJECT_CONVERSION = YES_AGGRESSIVE;
				CLANG_CXX_LANGUAGE_STANDARD = "gnu++20";
				CLANG_ENABLE_MODULES = YES;
				CLANG_ENABLE_OBJC_ARC = YES;
				CLANG_ENABLE_OBJC_WEAK = YES;
				CLANG_WARN_BLOCK_CAPTURE_AUTORELEASING = YES;
				CLANG_WARN_BOOL_CONVERSION = YES;
				CLANG_WARN_COMMA = YES;
				CLANG_WARN_CONSTANT_CONVERSION = YES;
				CLANG_WARN_DEPRECATED_OBJC_IMPLEMENTATIONS = YES;
				CLANG_WARN_DIRECT_OBJC_ISA_USAGE = YES_ERROR;
				CLANG_WARN_DOCUMENTATION_COMMENTS = YES;
				CLANG_WARN_EMPTY_BODY = YES;
				CLANG_WARN_ENUM_CONVERSION = YES;
				CLANG_WARN_INFINITE_RECURSION = YES;
				CLANG_WARN_INT_CONVERSION = YES;
				CLANG_WARN_NON_LITERAL_NULL_CONVERSION = YES;
				CLANG_WARN_OBJC_IMPLICIT_RETAIN_SELF = YES;
				CLANG_WARN_OBJC_LITERAL_CONVERSION = YES;
				CLANG_WARN_OBJC_ROOT_CLASS = YES_ERROR;
				CLANG_WARN_QUOTED_INCLUDE_IN_FRAMEWORK_HEADER = YES;
				CLANG_WARN_RANGE_LOOP_ANALYSIS = YES;
				CLANG_WARN_STRICT_PROTOTYPES = YES;
				CLANG_WARN_SUSPICIOUS_MOVE = YES;
				CLANG_WARN_UNGUARDED_AVAILABILITY = YES_AGGRESSIVE;
				CLANG_WARN_UNREACHABLE_CODE = YES;
				CLANG_WARN__DUPLICATE_METHOD_MATCH = YES;
				COPY_PHASE_STRIP = NO;
				DEBUG_INFORMATION_FORMAT = dwarf;
				ENABLE_STRICT_OBJC_MSGSEND = YES;
				ENABLE_TESTABILITY = YES;
				ENABLE_USER_SCRIPT_SANDBOXING = YES;
				GCC_C_LANGUAGE_STANDARD = gnu17;
				GCC_DYNAMIC_NO_PIC = NO;
				GCC_NO_COMMON_BLOCKS = YES;
				GCC_OPTIMIZATION_LEVEL = 0;
				GCC_PREPROCESSOR_DEFINITIONS = (
					"DEBUG=1",
					"$(inherited)",
				);
				GCC_WARN_64_TO_32_BIT_CONVERSION = YES;
				GCC_WARN_ABOUT_RETURN_TYPE = YES_ERROR;
				GCC_WARN_UNDECLARED_SELECTOR = YES;
				GCC_WARN_UNINITIALIZED_AUTOS = YES_AGGRESSIVE;
				GCC_WARN_UNUSED_FUNCTION = YES;
				GCC_WARN_UNUSED_VARIABLE = YES;
				LOCALIZATION_PREFERS_STRING_CATALOGS = YES;
				MACOSX_DEPLOYMENT_TARGET = 14.0;
				MTL_ENABLE_DEBUG_INFO = INCLUDE_SOURCE;
				MTL_FAST_MATH = YES;
				ONLY_ACTIVE_ARCH = YES;
				SDKROOT = macosx;
				SWIFT_ACTIVE_COMPILATION_CONDITIONS = "DEBUG $(inherited)";
				SWIFT_OPTIMIZATION_LEVEL = "-Onone";
			};
			name = Debug;
		};
		0350E7502A577E11006B1125 /* Release */ = {
			isa = XCBuildConfiguration;
			buildSettings = {
				ALWAYS_SEARCH_USER_PATHS = NO;
				ASSETCATALOG_COMPILER_GENERATE_SWIFT_ASSET_SYMBOL_EXTENSIONS = YES;
				CLANG_ANALYZER_NONNULL = YES;
				CLANG_ANALYZER_NUMBER_OBJECT_CONVERSION = YES_AGGRESSIVE;
				CLANG_CXX_LANGUAGE_STANDARD = "gnu++20";
				CLANG_ENABLE_MODULES = YES;
				CLANG_ENABLE_OBJC_ARC = YES;
				CLANG_ENABLE_OBJC_WEAK = YES;
				CLANG_WARN_BLOCK_CAPTURE_AUTORELEASING = YES;
				CLANG_WARN_BOOL_CONVERSION = YES;
				CLANG_WARN_COMMA = YES;
				CLANG_WARN_CONSTANT_CONVERSION = YES;
				CLANG_WARN_DEPRECATED_OBJC_IMPLEMENTATIONS = YES;
				CLANG_WARN_DIRECT_OBJC_ISA_USAGE = YES_ERROR;
				CLANG_WARN_DOCUMENTATION_COMMENTS = YES;
				CLANG_WARN_EMPTY_BODY = YES;
				CLANG_WARN_ENUM_CONVERSION = YES;
				CLANG_WARN_INFINITE_RECURSION = YES;
				CLANG_WARN_INT_CONVERSION = YES;
				CLANG_WARN_NON_LITERAL_NULL_CONVERSION = YES;
				CLANG_WARN_OBJC_IMPLICIT_RETAIN_SELF = YES;
				CLANG_WARN_OBJC_LITERAL_CONVERSION = YES;
				CLANG_WARN_OBJC_ROOT_CLASS = YES_ERROR;
				CLANG_WARN_QUOTED_INCLUDE_IN_FRAMEWORK_HEADER = YES;
				CLANG_WARN_RANGE_LOOP_ANALYSIS = YES;
				CLANG_WARN_STRICT_PROTOTYPES = YES;
				CLANG_WARN_SUSPICIOUS_MOVE = YES;
				CLANG_WARN_UNGUARDED_AVAILABILITY = YES_AGGRESSIVE;
				CLANG_WARN_UNREACHABLE_CODE = YES;
				CLANG_WARN__DUPLICATE_METHOD_MATCH = YES;
				COPY_PHASE_STRIP = NO;
				DEBUG_INFORMATION_FORMAT = "dwarf-with-dsym";
				ENABLE_NS_ASSERTIONS = NO;
				ENABLE_STRICT_OBJC_MSGSEND = YES;
				ENABLE_USER_SCRIPT_SANDBOXING = YES;
				GCC_C_LANGUAGE_STANDARD = gnu17;
				GCC_NO_COMMON_BLOCKS = YES;
				GCC_WARN_64_TO_32_BIT_CONVERSION = YES;
				GCC_WARN_ABOUT_RETURN_TYPE = YES_ERROR;
				GCC_WARN_UNDECLARED_SELECTOR = YES;
				GCC_WARN_UNINITIALIZED_AUTOS = YES_AGGRESSIVE;
				GCC_WARN_UNUSED_FUNCTION = YES;
				GCC_WARN_UNUSED_VARIABLE = YES;
				LOCALIZATION_PREFERS_STRING_CATALOGS = YES;
				MACOSX_DEPLOYMENT_TARGET = 14.0;
				MTL_ENABLE_DEBUG_INFO = NO;
				MTL_FAST_MATH = YES;
				SDKROOT = macosx;
				SWIFT_COMPILATION_MODE = wholemodule;
			};
			name = Release;
		};
		0350E7522A577E11006B1125 /* Debug */ = {
			isa = XCBuildConfiguration;
			buildSettings = {
				ASSETCATALOG_COMPILER_APPICON_NAME = AppIcon;
				ASSETCATALOG_COMPILER_GLOBAL_ACCENT_COLOR_NAME = AccentColor;
				CODE_SIGN_ENTITLEMENTS = Musicord/Musicord.entitlements;
				"CODE_SIGN_IDENTITY[sdk=macosx*]" = "Apple Development";
				CODE_SIGN_STYLE = Automatic;
				COMBINE_HIDPI_IMAGES = YES;
				CURRENT_PROJECT_VERSION = 1;
				DEVELOPMENT_ASSET_PATHS = "\"Musicord/Preview Content\"";
				DEVELOPMENT_TEAM = W8C8UQ95CG;
				ENABLE_HARDENED_RUNTIME = NO;
				ENABLE_PREVIEWS = YES;
				GENERATE_INFOPLIST_FILE = YES;
				INFOPLIST_KEY_LSUIElement = YES;
				INFOPLIST_KEY_NSHumanReadableCopyright = "";
				LD_RUNPATH_SEARCH_PATHS = (
					"$(inherited)",
					"@executable_path/../Frameworks",
				);
				MARKETING_VERSION = 1.0;
				PRODUCT_BUNDLE_IDENTIFIER = com.tarball.MusicordApp;
				PRODUCT_NAME = "$(TARGET_NAME)";
				SWIFT_EMIT_LOC_STRINGS = YES;
				SWIFT_VERSION = 5.0;
			};
			name = Debug;
		};
		0350E7532A577E11006B1125 /* Release */ = {
			isa = XCBuildConfiguration;
			buildSettings = {
				ASSETCATALOG_COMPILER_APPICON_NAME = AppIcon;
				ASSETCATALOG_COMPILER_GLOBAL_ACCENT_COLOR_NAME = AccentColor;
				CODE_SIGN_ENTITLEMENTS = Musicord/Musicord.entitlements;
				"CODE_SIGN_IDENTITY[sdk=macosx*]" = "Apple Development";
				CODE_SIGN_STYLE = Automatic;
				COMBINE_HIDPI_IMAGES = YES;
				CURRENT_PROJECT_VERSION = 1;
				DEVELOPMENT_ASSET_PATHS = "\"Musicord/Preview Content\"";
				DEVELOPMENT_TEAM = W8C8UQ95CG;
				ENABLE_HARDENED_RUNTIME = NO;
				ENABLE_PREVIEWS = YES;
				GENERATE_INFOPLIST_FILE = YES;
				INFOPLIST_KEY_LSUIElement = YES;
				INFOPLIST_KEY_NSHumanReadableCopyright = "";
				LD_RUNPATH_SEARCH_PATHS = (
					"$(inherited)",
					"@executable_path/../Frameworks",
				);
				MARKETING_VERSION = 1.0;
				PRODUCT_BUNDLE_IDENTIFIER = com.tarball.MusicordApp;
				PRODUCT_NAME = "$(TARGET_NAME)";
				SWIFT_EMIT_LOC_STRINGS = YES;
				SWIFT_VERSION = 5.0;
			};
			name = Release;
		};
		03653E052A5B6BED00F9F632 /* Debug */ = {
			isa = XCBuildConfiguration;
			buildSettings = {
				ASSETCATALOG_COMPILER_APPICON_NAME = AppIcon;
				ASSETCATALOG_COMPILER_GLOBAL_ACCENT_COLOR_NAME = AccentColor;
				CODE_SIGN_ENTITLEMENTS = MusicordLoginHelper/MusicordLoginHelper.entitlements;
				CODE_SIGN_STYLE = Automatic;
				COMBINE_HIDPI_IMAGES = YES;
				CURRENT_PROJECT_VERSION = 1;
				DEVELOPMENT_TEAM = W8C8UQ95CG;
				ENABLE_HARDENED_RUNTIME = NO;
				GENERATE_INFOPLIST_FILE = YES;
				INFOPLIST_KEY_LSBackgroundOnly = YES;
				INFOPLIST_KEY_NSHumanReadableCopyright = "";
				INFOPLIST_KEY_NSMainStoryboardFile = Main;
				INFOPLIST_KEY_NSPrincipalClass = NSApplication;
				LD_RUNPATH_SEARCH_PATHS = (
					"$(inherited)",
					"@executable_path/../Frameworks",
				);
				MARKETING_VERSION = 1.0;
				PRODUCT_BUNDLE_IDENTIFIER = com.tarball.MusicordHelper;
				PRODUCT_NAME = "$(TARGET_NAME)";
				SKIP_INSTALL = YES;
				SWIFT_EMIT_LOC_STRINGS = YES;
				SWIFT_VERSION = 5.0;
			};
			name = Debug;
		};
		03653E062A5B6BED00F9F632 /* Release */ = {
			isa = XCBuildConfiguration;
			buildSettings = {
				ASSETCATALOG_COMPILER_APPICON_NAME = AppIcon;
				ASSETCATALOG_COMPILER_GLOBAL_ACCENT_COLOR_NAME = AccentColor;
				CODE_SIGN_ENTITLEMENTS = MusicordLoginHelper/MusicordLoginHelper.entitlements;
				CODE_SIGN_STYLE = Automatic;
				COMBINE_HIDPI_IMAGES = YES;
				CURRENT_PROJECT_VERSION = 1;
				DEVELOPMENT_TEAM = W8C8UQ95CG;
				ENABLE_HARDENED_RUNTIME = NO;
				GENERATE_INFOPLIST_FILE = YES;
				INFOPLIST_KEY_LSBackgroundOnly = YES;
				INFOPLIST_KEY_NSHumanReadableCopyright = "";
				INFOPLIST_KEY_NSMainStoryboardFile = Main;
				INFOPLIST_KEY_NSPrincipalClass = NSApplication;
				LD_RUNPATH_SEARCH_PATHS = (
					"$(inherited)",
					"@executable_path/../Frameworks",
				);
				MARKETING_VERSION = 1.0;
				PRODUCT_BUNDLE_IDENTIFIER = com.tarball.MusicordHelper;
				PRODUCT_NAME = "$(TARGET_NAME)";
				SKIP_INSTALL = YES;
				SWIFT_EMIT_LOC_STRINGS = YES;
				SWIFT_VERSION = 5.0;
			};
			name = Release;
		};
/* End XCBuildConfiguration section */

/* Begin XCConfigurationList section */
		0350E73D2A577E0F006B1125 /* Build configuration list for PBXProject "Musicord" */ = {
			isa = XCConfigurationList;
			buildConfigurations = (
				0350E74F2A577E11006B1125 /* Debug */,
				0350E7502A577E11006B1125 /* Release */,
			);
			defaultConfigurationIsVisible = 0;
			defaultConfigurationName = Release;
		};
		0350E7512A577E11006B1125 /* Build configuration list for PBXNativeTarget "Musicord" */ = {
			isa = XCConfigurationList;
			buildConfigurations = (
				0350E7522A577E11006B1125 /* Debug */,
				0350E7532A577E11006B1125 /* Release */,
			);
			defaultConfigurationIsVisible = 0;
			defaultConfigurationName = Release;
		};
		03653E072A5B6BED00F9F632 /* Build configuration list for PBXNativeTarget "MusicordLoginHelper" */ = {
			isa = XCConfigurationList;
			buildConfigurations = (
				03653E052A5B6BED00F9F632 /* Debug */,
				03653E062A5B6BED00F9F632 /* Release */,
			);
			defaultConfigurationIsVisible = 0;
			defaultConfigurationName = Release;
		};
/* End XCConfigurationList section */

/* Begin XCRemoteSwiftPackageReference section */
		03453D042A57DB0A003A0C28 /* XCRemoteSwiftPackageReference "SwordRPC" */ = {
			isa = XCRemoteSwiftPackageReference;
			repositoryURL = "https://github.com/PKBeam/SwordRPC.git";
			requirement = {
				branch = master;
				kind = branch;
			};
		};
/* End XCRemoteSwiftPackageReference section */

/* Begin XCSwiftPackageProductDependency section */
		03453D052A57DB0A003A0C28 /* SwordRPC */ = {
			isa = XCSwiftPackageProductDependency;
			package = 03453D042A57DB0A003A0C28 /* XCRemoteSwiftPackageReference "SwordRPC" */;
			productName = SwordRPC;
		};
/* End XCSwiftPackageProductDependency section */
	};
	rootObject = 0350E73A2A577E0F006B1125 /* Project object */;
}
