{
  "pins" : [
    {
      "identity" : "bluesocket",
      "kind" : "remoteSourceControl",
      "location" : "https://github.com/Kitura/BlueSocket.git",
      "state" : {
        "revision" : "7b23a867008e0027bfd6f4d398d44720707bc8ca",
        "version" : "2.0.4"
      }
    },
    {
      "identity" : "swordrpc",
      "kind" : "remoteSourceControl",
      "location" : "https://github.com/PKBeam/SwordRPC.git",
      "state" : {
        "branch" : "master",
        "revision" : "f9831261fcbe6a17243f8839921fb7820e99fa6e"
      }
    }
  ],
  "version" : 2
}
